// !$*UTF8*$!
{
	archiveVersion = 1;
	classes = {
	};
	objectVersion = 46;
	objects = {

/* Begin PBXBuildFile section */
		848DED121EC080F800668E0F /* AppDelegate.swift in Sources */ = {isa = PBXBuildFile; fileRef = 848DED111EC080F800668E0F /* AppDelegate.swift */; };
		848DED141EC080F800668E0F /* ViewController.swift in Sources */ = {isa = PBXBuildFile; fileRef = 848DED131EC080F800668E0F /* ViewController.swift */; };
		848DED171EC080F800668E0F /* Main.storyboard in Resources */ = {isa = PBXBuildFile; fileRef = 848DED151EC080F800668E0F /* Main.storyboard */; };
		848DED191EC080F800668E0F /* Assets.xcassets in Resources */ = {isa = PBXBuildFile; fileRef = 848DED181EC080F800668E0F /* Assets.xcassets */; };
		848DED1C1EC080F800668E0F /* LaunchScreen.storyboard in Resources */ = {isa = PBXBuildFile; fileRef = 848DED1A1EC080F800668E0F /* LaunchScreen.storyboard */; };
/* End PBXBuildFile section */

/* Begin PBXFileReference section */
		848DED0E1EC080F800668E0F /* MyMaps-iOS.app */ = {isa = PBXFileReference; explicitFileType = wrapper.application; includeInIndex = 0; path = "MyMaps-iOS.app"; sourceTree = BUILT_PRODUCTS_DIR; };
		848DED111EC080F800668E0F /* AppDelegate.swift */ = {isa = PBXFileReference; lastKnownFileType = sourcecode.swift; path = AppDelegate.swift; sourceTree = "<group>"; };
		848DED131EC080F800668E0F /* ViewController.swift */ = {isa = PBXFileReference; lastKnownFileType = sourcecode.swift; path = ViewController.swift; sourceTree = "<group>"; };
		848DED161EC080F800668E0F /* Base */ = {isa = PBXFileReference; lastKnownFileType = file.storyboard; name = Base; path = Base.lproj/Main.storyboard; sourceTree = "<group>"; };
		848DED181EC080F800668E0F /* Assets.xcassets */ = {isa = PBXFileReference; lastKnownFileType = folder.assetcatalog; path = Assets.xcassets; sourceTree = "<group>"; };
		848DED1B1EC080F800668E0F /* Base */ = {isa = PBXFileReference; lastKnownFileType = file.storyboard; name = Base; path = Base.lproj/LaunchScreen.storyboard; sourceTree = "<group>"; };
		848DED1D1EC080F800668E0F /* Info.plist */ = {isa = PBXFileReference; lastKnownFileType = text.plist.xml; path = Info.plist; sourceTree = "<group>"; };
/* End PBXFileReference section */

/* Begin PBXFrameworksBuildPhase section */
		848DED0B1EC080F800668E0F /* Frameworks */ = {
			isa = PBXFrameworksBuildPhase;
			buildActionMask = 2147483647;
			files = (
			);
			runOnlyForDeploymentPostprocessing = 0;
		};
/* End PBXFrameworksBuildPhase section */

/* Begin PBXGroup section */
		848DED051EC080F800668E0F = {
			isa = PBXGroup;
			children = (
				848DED101EC080F800668E0F /* MyMaps-iOS */,
				848DED0F1EC080F800668E0F /* Products */,
			);
			sourceTree = "<group>";
		};
		848DED0F1EC080F800668E0F /* Products */ = {
			isa = PBXGroup;
			children = (
				848DED0E1EC080F800668E0F /* MyMaps-iOS.app */,
			);
			name = Products;
			sourceTree = "<group>";
		};
		848DED101EC080F800668E0F /* MyMaps-iOS */ = {
			isa = PBXGroup;
			children = (
				848DED111EC080F800668E0F /* AppDelegate.swift */,
				848DED131EC080F800668E0F /* ViewController.swift */,
				848DED151EC080F800668E0F /* Main.storyboard */,
				848DED181EC080F800668E0F /* Assets.xcassets */,
				848DED1A1EC080F800668E0F /* LaunchScreen.storyboard */,
				848DED1D1EC080F800668E0F /* Info.plist */,
			);
			path = "MyMaps-iOS";
			sourceTree = "<group>";
		};
/* End PBXGroup section */

/* Begin PBXNativeTarget section */
		848DED0D1EC080F800668E0F /* MyMaps-iOS */ = {
			isa = PBXNativeTarget;
			buildConfigurationList = 848DED201EC080F800668E0F /* Build configuration list for PBXNativeTarget "MyMaps-iOS" */;
			buildPhases = (
				848DED0A1EC080F800668E0F /* Sources */,
				848DED0B1EC080F800668E0F /* Frameworks */,
				848DED0C1EC080F800668E0F /* Resources */,
			);
			buildRules = (
			);
			dependencies = (
			);
			name = "MyMaps-iOS";
			productName = "MyMaps-iOS";
			productReference = 848DED0E1EC080F800668E0F /* MyMaps-iOS.app */;
			productType = "com.apple.product-type.application";
		};
/* End PBXNativeTarget section */

/* Begin PBXProject section */
		848DED061EC080F800668E0F /* Project object */ = {
			isa = PBXProject;
			attributes = {
				LastSwiftUpdateCheck = 0830;
				LastUpgradeCheck = 0830;
				ORGANIZATIONNAME = fborodin;
				TargetAttributes = {
					848DED0D1EC080F800668E0F = {
						CreatedOnToolsVersion = 8.3.2;
						DevelopmentTeam = 6DX7KW5KT7;
						ProvisioningStyle = Automatic;
					};
				};
			};
			buildConfigurationList = 848DED091EC080F800668E0F /* Build configuration list for PBXProject "MyMaps-iOS" */;
			compatibilityVersion = "Xcode 3.2";
			developmentRegion = English;
			hasScannedForEncodings = 0;
			knownRegions = (
				en,
				Base,
			);
			mainGroup = 848DED051EC080F800668E0F;
			productRefGroup = 848DED0F1EC080F800668E0F /* Products */;
			projectDirPath = "";
			projectRoot = "";
			targets = (
				848DED0D1EC080F800668E0F /* MyMaps-iOS */,
			);
		};
/* End PBXProject section */

/* Begin PBXResourcesBuildPhase section */
		848DED0C1EC080F800668E0F /* Resources */ = {
			isa = PBXResourcesBuildPhase;
			buildActionMask = 2147483647;
			files = (
				848DED1C1EC080F800668E0F /* LaunchScreen.storyboard in Resources */,
				848DED191EC080F800668E0F /* Assets.xcassets in Resources */,
				848DED171EC080F800668E0F /* Main.storyboard in Resources */,
			);
			runOnlyForDeploymentPostprocessing = 0;
		};
/* End PBXResourcesBuildPhase section */

/* Begin PBXSourcesBuildPhase section */
		848DED0A1EC080F800668E0F /* Sources */ = {
			isa = PBXSourcesBuildPhase;
			buildActionMask = 2147483647;
			files = (
				848DED141EC080F800668E0F /* ViewController.swift in Sources */,
				848DED121EC080F800668E0F /* AppDelegate.swift in Sources */,
			);
			runOnlyForDeploymentPostprocessing = 0;
		};
/* End PBXSourcesBuildPhase section */

/* Begin PBXVariantGroup section */
		848DED151EC080F800668E0F /* Main.storyboard */ = {
			isa = PBXVariantGroup;
			children = (
				848DED161EC080F800668E0F /* Base */,
			);
			name = Main.storyboard;
			sourceTree = "<group>";
		};
		848DED1A1EC080F800668E0F /* LaunchScreen.storyboard */ = {
			isa = PBXVariantGroup;
			children = (
				848DED1B1EC080F800668E0F /* Base */,
			);
			name = LaunchScreen.storyboard;
			sourceTree = "<group>";
		};
/* End PBXVariantGroup section */

/* Begin XCBuildConfiguration section */
		848DED1E1EC080F800668E0F /* Debug */ = {
			isa = XCBuildConfiguration;
			buildSettings = {
				ALWAYS_SEARCH_USER_PATHS = NO;
				CLANG_ANALYZER_NONNULL = YES;
				CLANG_ANALYZER_NUMBER_OBJECT_CONVERSION = YES_AGGRESSIVE;
				CLANG_CXX_LANGUAGE_STANDARD = "gnu++0x";
				CLANG_CXX_LIBRARY = "libc++";
				CLANG_ENABLE_MODULES = YES;
				CLANG_ENABLE_OBJC_ARC = YES;
				CLANG_WARN_BOOL_CONVERSION = YES;
				CLANG_WARN_CONSTANT_CONVERSION = YES;
				CLANG_WARN_DIRECT_OBJC_ISA_USAGE = YES_ERROR;
				CLANG_WARN_DOCUMENTATION_COMMENTS = YES;
				CLANG_WARN_EMPTY_BODY = YES;
				CLANG_WARN_ENUM_CONVERSION = YES;
				CLANG_WARN_INFINITE_RECURSION = YES;
				CLANG_WARN_INT_CONVERSION = YES;
				CLANG_WARN_OBJC_ROOT_CLASS = YES_ERROR;
				CLANG_WARN_SUSPICIOUS_MOVE = YES;
				CLANG_WARN_UNREACHABLE_CODE = YES;
				CLANG_WARN__DUPLICATE_METHOD_MATCH = YES;
				"CODE_SIGN_IDENTITY[sdk=iphoneos*]" = "iPhone Developer";
				COPY_PHASE_STRIP = NO;
				DEBUG_INFORMATION_FORMAT = dwarf;
				ENABLE_STRICT_OBJC_MSGSEND = YES;
				ENABLE_TESTABILITY = YES;
				GCC_C_LANGUAGE_STANDARD = gnu99;
				GCC_DYNAMIC_NO_PIC = NO;
				GCC_NO_COMMON_BLOCKS = YES;
				GCC_OPTIMIZATION_LEVEL = 0;
				GCC_PREPROCESSOR_DEFINITIONS = (
					"DEBUG=1",
					"$(inherited)",
				);
				GCC_WARN_64_TO_32_BIT_CONVERSION = YES;
				GCC_WARN_ABOUT_RETURN_TYPE = YES_ERROR;
				GCC_WARN_UNDECLARED_SELECTOR = YES;
				GCC_WARN_UNINITIALIZED_AUTOS = YES_AGGRESSIVE;
				GCC_WARN_UNUSED_FUNCTION = YES;
				GCC_WARN_UNUSED_VARIABLE = YES;
				IPHONEOS_DEPLOYMENT_TARGET = 10.3;
				MTL_ENABLE_DEBUG_INFO = YES;
				ONLY_ACTIVE_ARCH = YES;
				SDKROOT = iphoneos;
				SWIFT_ACTIVE_COMPILATION_CONDITIONS = DEBUG;
				SWIFT_OPTIMIZATION_LEVEL = "-Onone";
			};
			name = Debug;
		};
		848DED1F1EC080F800668E0F /* Release */ = {
			isa = XCBuildConfiguration;
			buildSettings = {
				ALWAYS_SEARCH_USER_PATHS = NO;
				CLANG_ANALYZER_NONNULL = YES;
				CLANG_ANALYZER_NUMBER_OBJECT_CONVERSION = YES_AGGRESSIVE;
				CLANG_CXX_LANGUAGE_STANDARD = "gnu++0x";
				CLANG_CXX_LIBRARY = "libc++";
				CLANG_ENABLE_MODULES = YES;
				CLANG_ENABLE_OBJC_ARC = YES;
				CLANG_WARN_BOOL_CONVERSION = YES;
				CLANG_WARN_CONSTANT_CONVERSION = YES;
				CLANG_WARN_DIRECT_OBJC_ISA_USAGE = YES_ERROR;
				CLANG_WARN_DOCUMENTATION_COMMENTS = YES;
				CLANG_WARN_EMPTY_BODY = YES;
				CLANG_WARN_ENUM_CONVERSION = YES;
				CLANG_WARN_INFINITE_RECURSION = YES;
				CLANG_WARN_INT_CONVERSION = YES;
				CLANG_WARN_OBJC_ROOT_CLASS = YES_ERROR;
				CLANG_WARN_SUSPICIOUS_MOVE = YES;
				CLANG_WARN_UNREACHABLE_CODE = YES;
				CLANG_WARN__DUPLICATE_METHOD_MATCH = YES;
				"CODE_SIGN_IDENTITY[sdk=iphoneos*]" = "iPhone Developer";
				COPY_PHASE_STRIP = NO;
				DEBUG_INFORMATION_FORMAT = "dwarf-with-dsym";
				ENABLE_NS_ASSERTIONS = NO;
				ENABLE_STRICT_OBJC_MSGSEND = YES;
				GCC_C_LANGUAGE_STANDARD = gnu99;
				GCC_NO_COMMON_BLOCKS = YES;
				GCC_WARN_64_TO_32_BIT_CONVERSION = YES;
				GCC_WARN_ABOUT_RETURN_TYPE = YES_ERROR;
				GCC_WARN_UNDECLARED_SELECTOR = YES;
				GCC_WARN_UNINITIALIZED_AUTOS = YES_AGGRESSIVE;
				GCC_WARN_UNUSED_FUNCTION = YES;
				GCC_WARN_UNUSED_VARIABLE = YES;
				IPHONEOS_DEPLOYMENT_TARGET = 10.3;
				MTL_ENABLE_DEBUG_INFO = NO;
				SDKROOT = iphoneos;
				SWIFT_OPTIMIZATION_LEVEL = "-Owholemodule";
				VALIDATE_PRODUCT = YES;
			};
			name = Release;
		};
		848DED211EC080F800668E0F /* Debug */ = {
			isa = XCBuildConfiguration;
			buildSettings = {
				ASSETCATALOG_COMPILER_APPICON_NAME = AppIcon;
				DEVELOPMENT_TEAM = 6DX7KW5KT7;
				INFOPLIST_FILE = "MyMaps-iOS/Info.plist";
				LD_RUNPATH_SEARCH_PATHS = "$(inherited) @executable_path/Frameworks";
				PRODUCT_BUNDLE_IDENTIFIER = "com.borodin-home.fborodin.MyMaps-iOS";
				PRODUCT_NAME = "$(TARGET_NAME)";
				SWIFT_VERSION = 3.0;
			};
			name = Debug;
		};
		848DED221EC080F800668E0F /* Release */ = {
			isa = XCBuildConfiguration;
			buildSettings = {
				ASSETCATALOG_COMPILER_APPICON_NAME = AppIcon;
				DEVELOPMENT_TEAM = 6DX7KW5KT7;
				INFOPLIST_FILE = "MyMaps-iOS/Info.plist";
				LD_RUNPATH_SEARCH_PATHS = "$(inherited) @executable_path/Frameworks";
				PRODUCT_BUNDLE_IDENTIFIER = "com.borodin-home.fborodin.MyMaps-iOS";
				PRODUCT_NAME = "$(TARGET_NAME)";
				SWIFT_VERSION = 3.0;
			};
			name = Release;
		};
/* End XCBuildConfiguration section */

/* Begin XCConfigurationList section */
		848DED091EC080F800668E0F /* Build configuration list for PBXProject "MyMaps-iOS" */ = {
			isa = XCConfigurationList;
			buildConfigurations = (
				848DED1E1EC080F800668E0F /* Debug */,
				848DED1F1EC080F800668E0F /* Release */,
			);
			defaultConfigurationIsVisible = 0;
			defaultConfigurationName = Release;
		};
		848DED201EC080F800668E0F /* Build configuration list for PBXNativeTarget "MyMaps-iOS" */ = {
			isa = XCConfigurationList;
			buildConfigurations = (
				848DED211EC080F800668E0F /* Debug */,
				848DED221EC080F800668E0F /* Release */,
			);
			defaultConfigurationIsVisible = 0;
		};
/* End XCConfigurationList section */
	};
	rootObject = 848DED061EC080F800668E0F /* Project object */;
}
