// !$*UTF8*$!
{
	archiveVersion = 1;
	classes = {
	};
	objectVersion = 46;
	objects = {

/* Begin PBXBuildFile section */
		0CD072CB333D82B9B65F78E9 /* libPods-MyMaps-iOS.a in Frameworks */ = {isa = PBXBuildFile; fileRef = 00344D0E72EDEB35B34DED01 /* libPods-MyMaps-iOS.a */; };
		84162F821EE52827001C26F6 /* CollectionViewDelegate.swift in Sources */ = {isa = PBXBuildFile; fileRef = 84162F811EE52827001C26F6 /* CollectionViewDelegate.swift */; };
		84162F841EE528A0001C26F6 /* LocationManagerDelegate.swift in Sources */ = {isa = PBXBuildFile; fileRef = 84162F831EE528A0001C26F6 /* LocationManagerDelegate.swift */; };
		84162F861EE52916001C26F6 /* GooglePlacesAutocompleteDelegate.swift in Sources */ = {isa = PBXBuildFile; fileRef = 84162F851EE52916001C26F6 /* GooglePlacesAutocompleteDelegate.swift */; };
		848DED121EC080F800668E0F /* AppDelegate.swift in Sources */ = {isa = PBXBuildFile; fileRef = 848DED111EC080F800668E0F /* AppDelegate.swift */; };
		848DED141EC080F800668E0F /* ViewController.swift in Sources */ = {isa = PBXBuildFile; fileRef = 848DED131EC080F800668E0F /* ViewController.swift */; };
		848DED171EC080F800668E0F /* Main.storyboard in Resources */ = {isa = PBXBuildFile; fileRef = 848DED151EC080F800668E0F /* Main.storyboard */; };
		848DED191EC080F800668E0F /* Assets.xcassets in Resources */ = {isa = PBXBuildFile; fileRef = 848DED181EC080F800668E0F /* Assets.xcassets */; };
		848DED1C1EC080F800668E0F /* LaunchScreen.storyboard in Resources */ = {isa = PBXBuildFile; fileRef = 848DED1A1EC080F800668E0F /* LaunchScreen.storyboard */; };
		848ED0B31ECCE15D006F16FE /* NewStoryboard.storyboard in Resources */ = {isa = PBXBuildFile; fileRef = 848ED0B11ECCE15D006F16FE /* NewStoryboard.storyboard */; };
		848ED0B51ED31080006F16FE /* MainViewController.swift in Sources */ = {isa = PBXBuildFile; fileRef = 848ED0B41ED31080006F16FE /* MainViewController.swift */; };
		848ED0B91ED3AF48006F16FE /* GeocodingTasks.swift in Sources */ = {isa = PBXBuildFile; fileRef = 848ED0B81ED3AF48006F16FE /* GeocodingTasks.swift */; };
		84D8868A1EC9E38700C15954 /* MapTasks.swift in Sources */ = {isa = PBXBuildFile; fileRef = 84D886891EC9E38700C15954 /* MapTasks.swift */; };
		84D8868C1EC9ECC000C15954 /* RouteViewController.swift in Sources */ = {isa = PBXBuildFile; fileRef = 84D8868B1EC9ECC000C15954 /* RouteViewController.swift */; };
		84E245901ED6F48E00CE804E /* DirectionsTasks.swift in Sources */ = {isa = PBXBuildFile; fileRef = 84E2458F1ED6F48E00CE804E /* DirectionsTasks.swift */; };
		84E245921ED6F5AF00CE804E /* StreetViewTasks.swift in Sources */ = {isa = PBXBuildFile; fileRef = 84E245911ED6F5AF00CE804E /* StreetViewTasks.swift */; };
		84E245B71EDB0A4900CE804E /* CenterCellCollectionViewFlowLayout.swift in Sources */ = {isa = PBXBuildFile; fileRef = 84E245B61EDB0A4900CE804E /* CenterCellCollectionViewFlowLayout.swift */; };
		84E245B91EDB15F500CE804E /* CollectionViewCell.swift in Sources */ = {isa = PBXBuildFile; fileRef = 84E245B81EDB15F500CE804E /* CollectionViewCell.swift */; };
/* End PBXBuildFile section */

/* Begin PBXFileReference section */
		00344D0E72EDEB35B34DED01 /* libPods-MyMaps-iOS.a */ = {isa = PBXFileReference; explicitFileType = archive.ar; includeInIndex = 0; path = "libPods-MyMaps-iOS.a"; sourceTree = BUILT_PRODUCTS_DIR; };
		31F90DE3FDFBAE93A00F1F36 /* Pods-MyMaps-iOS.release.xcconfig */ = {isa = PBXFileReference; includeInIndex = 1; lastKnownFileType = text.xcconfig; name = "Pods-MyMaps-iOS.release.xcconfig"; path = "Pods/Target Support Files/Pods-MyMaps-iOS/Pods-MyMaps-iOS.release.xcconfig"; sourceTree = "<group>"; };
		434D27C01AFEF2FCC175819E /* Pods-MyMaps-iOS.debug.xcconfig */ = {isa = PBXFileReference; includeInIndex = 1; lastKnownFileType = text.xcconfig; name = "Pods-MyMaps-iOS.debug.xcconfig"; path = "Pods/Target Support Files/Pods-MyMaps-iOS/Pods-MyMaps-iOS.debug.xcconfig"; sourceTree = "<group>"; };
		84162F811EE52827001C26F6 /* CollectionViewDelegate.swift */ = {isa = PBXFileReference; fileEncoding = 4; lastKnownFileType = sourcecode.swift; path = CollectionViewDelegate.swift; sourceTree = "<group>"; };
		84162F831EE528A0001C26F6 /* LocationManagerDelegate.swift */ = {isa = PBXFileReference; fileEncoding = 4; lastKnownFileType = sourcecode.swift; path = LocationManagerDelegate.swift; sourceTree = "<group>"; };
		84162F851EE52916001C26F6 /* GooglePlacesAutocompleteDelegate.swift */ = {isa = PBXFileReference; fileEncoding = 4; lastKnownFileType = sourcecode.swift; path = GooglePlacesAutocompleteDelegate.swift; sourceTree = "<group>"; };
		848DED0E1EC080F800668E0F /* MyMaps-iOS.app */ = {isa = PBXFileReference; explicitFileType = wrapper.application; includeInIndex = 0; path = "MyMaps-iOS.app"; sourceTree = BUILT_PRODUCTS_DIR; };
		848DED111EC080F800668E0F /* AppDelegate.swift */ = {isa = PBXFileReference; lastKnownFileType = sourcecode.swift; path = AppDelegate.swift; sourceTree = "<group>"; };
		848DED131EC080F800668E0F /* ViewController.swift */ = {isa = PBXFileReference; lastKnownFileType = sourcecode.swift; path = ViewController.swift; sourceTree = "<group>"; };
		848DED161EC080F800668E0F /* Base */ = {isa = PBXFileReference; lastKnownFileType = file.storyboard; name = Base; path = Base.lproj/Main.storyboard; sourceTree = "<group>"; };
		848DED181EC080F800668E0F /* Assets.xcassets */ = {isa = PBXFileReference; lastKnownFileType = folder.assetcatalog; path = Assets.xcassets; sourceTree = "<group>"; };
		848DED1B1EC080F800668E0F /* Base */ = {isa = PBXFileReference; lastKnownFileType = file.storyboard; name = Base; path = Base.lproj/LaunchScreen.storyboard; sourceTree = "<group>"; };
		848DED1D1EC080F800668E0F /* Info.plist */ = {isa = PBXFileReference; lastKnownFileType = text.plist.xml; path = Info.plist; sourceTree = "<group>"; };
		848ED0B21ECCE15D006F16FE /* Base */ = {isa = PBXFileReference; lastKnownFileType = file.storyboard; name = Base; path = Base.lproj/NewStoryboard.storyboard; sourceTree = "<group>"; };
		848ED0B41ED31080006F16FE /* MainViewController.swift */ = {isa = PBXFileReference; fileEncoding = 4; lastKnownFileType = sourcecode.swift; path = MainViewController.swift; sourceTree = "<group>"; };
		848ED0B81ED3AF48006F16FE /* GeocodingTasks.swift */ = {isa = PBXFileReference; fileEncoding = 4; lastKnownFileType = sourcecode.swift; path = GeocodingTasks.swift; sourceTree = "<group>"; };
		84D886891EC9E38700C15954 /* MapTasks.swift */ = {isa = PBXFileReference; fileEncoding = 4; lastKnownFileType = sourcecode.swift; path = MapTasks.swift; sourceTree = "<group>"; };
		84D8868B1EC9ECC000C15954 /* RouteViewController.swift */ = {isa = PBXFileReference; fileEncoding = 4; lastKnownFileType = sourcecode.swift; path = RouteViewController.swift; sourceTree = "<group>"; };
		84E2458F1ED6F48E00CE804E /* DirectionsTasks.swift */ = {isa = PBXFileReference; fileEncoding = 4; lastKnownFileType = sourcecode.swift; path = DirectionsTasks.swift; sourceTree = "<group>"; };
		84E245911ED6F5AF00CE804E /* StreetViewTasks.swift */ = {isa = PBXFileReference; fileEncoding = 4; lastKnownFileType = sourcecode.swift; path = StreetViewTasks.swift; sourceTree = "<group>"; };
		84E245B61EDB0A4900CE804E /* CenterCellCollectionViewFlowLayout.swift */ = {isa = PBXFileReference; fileEncoding = 4; lastKnownFileType = sourcecode.swift; path = CenterCellCollectionViewFlowLayout.swift; sourceTree = "<group>"; };
		84E245B81EDB15F500CE804E /* CollectionViewCell.swift */ = {isa = PBXFileReference; fileEncoding = 4; lastKnownFileType = sourcecode.swift; path = CollectionViewCell.swift; sourceTree = "<group>"; };
/* End PBXFileReference section */

/* Begin PBXFrameworksBuildPhase section */
		848DED0B1EC080F800668E0F /* Frameworks */ = {
			isa = PBXFrameworksBuildPhase;
			buildActionMask = 2147483647;
			files = (
				0CD072CB333D82B9B65F78E9 /* libPods-MyMaps-iOS.a in Frameworks */,
			);
			runOnlyForDeploymentPostprocessing = 0;
		};
/* End PBXFrameworksBuildPhase section */

/* Begin PBXGroup section */
		6A8E8C2CEFBEB81C5E9F8CA1 /* Pods */ = {
			isa = PBXGroup;
			children = (
				434D27C01AFEF2FCC175819E /* Pods-MyMaps-iOS.debug.xcconfig */,
				31F90DE3FDFBAE93A00F1F36 /* Pods-MyMaps-iOS.release.xcconfig */,
			);
			name = Pods;
			sourceTree = "<group>";
		};
		84162F871EE529A1001C26F6 /* Delegates */ = {
			isa = PBXGroup;
			children = (
				84162F811EE52827001C26F6 /* CollectionViewDelegate.swift */,
				84162F831EE528A0001C26F6 /* LocationManagerDelegate.swift */,
				84162F851EE52916001C26F6 /* GooglePlacesAutocompleteDelegate.swift */,
			);
			name = Delegates;
			sourceTree = "<group>";
		};
		848DED051EC080F800668E0F = {
			isa = PBXGroup;
			children = (
				848DED101EC080F800668E0F /* MyMaps-iOS */,
				848DED0F1EC080F800668E0F /* Products */,
				6A8E8C2CEFBEB81C5E9F8CA1 /* Pods */,
				EA98CB1A0A671CC4BE6C4F48 /* Frameworks */,
			);
			sourceTree = "<group>";
		};
		848DED0F1EC080F800668E0F /* Products */ = {
			isa = PBXGroup;
			children = (
				848DED0E1EC080F800668E0F /* MyMaps-iOS.app */,
			);
			name = Products;
			sourceTree = "<group>";
		};
		848DED101EC080F800668E0F /* MyMaps-iOS */ = {
			isa = PBXGroup;
			children = (
				848ED0B11ECCE15D006F16FE /* NewStoryboard.storyboard */,
				848ED0B41ED31080006F16FE /* MainViewController.swift */,
				84E245B81EDB15F500CE804E /* CollectionViewCell.swift */,
				84162F871EE529A1001C26F6 /* Delegates */,
				84E245931ED7113900CE804E /* Map Tasks */,
				84E245951ED7118100CE804E /* Support Files */,
				84E245941ED7115700CE804E /* Old Stuff */,
			);
			path = "MyMaps-iOS";
			sourceTree = "<group>";
		};
		84E245931ED7113900CE804E /* Map Tasks */ = {
			isa = PBXGroup;
			children = (
				848ED0B81ED3AF48006F16FE /* GeocodingTasks.swift */,
				84E2458F1ED6F48E00CE804E /* DirectionsTasks.swift */,
				84E245911ED6F5AF00CE804E /* StreetViewTasks.swift */,
			);
			name = "Map Tasks";
			sourceTree = "<group>";
		};
		84E245941ED7115700CE804E /* Old Stuff */ = {
			isa = PBXGroup;
			children = (
				848DED131EC080F800668E0F /* ViewController.swift */,
				84D8868B1EC9ECC000C15954 /* RouteViewController.swift */,
				84D886891EC9E38700C15954 /* MapTasks.swift */,
				84E245B61EDB0A4900CE804E /* CenterCellCollectionViewFlowLayout.swift */,
				848DED151EC080F800668E0F /* Main.storyboard */,
			);
			name = "Old Stuff";
			sourceTree = "<group>";
		};
		84E245951ED7118100CE804E /* Support Files */ = {
			isa = PBXGroup;
			children = (
				848DED111EC080F800668E0F /* AppDelegate.swift */,
				848DED1D1EC080F800668E0F /* Info.plist */,
				848DED1A1EC080F800668E0F /* LaunchScreen.storyboard */,
				848DED181EC080F800668E0F /* Assets.xcassets */,
			);
			name = "Support Files";
			sourceTree = "<group>";
		};
		EA98CB1A0A671CC4BE6C4F48 /* Frameworks */ = {
			isa = PBXGroup;
			children = (
				00344D0E72EDEB35B34DED01 /* libPods-MyMaps-iOS.a */,
			);
			name = Frameworks;
			sourceTree = "<group>";
		};
/* End PBXGroup section */

/* Begin PBXNativeTarget section */
		848DED0D1EC080F800668E0F /* MyMaps-iOS */ = {
			isa = PBXNativeTarget;
			buildConfigurationList = 848DED201EC080F800668E0F /* Build configuration list for PBXNativeTarget "MyMaps-iOS" */;
			buildPhases = (
				03F49E1E553F44BE6745C538 /* [CP] Check Pods Manifest.lock */,
				848DED0A1EC080F800668E0F /* Sources */,
				848DED0B1EC080F800668E0F /* Frameworks */,
				848DED0C1EC080F800668E0F /* Resources */,
				18DAC0558CD7986ACC56A1CD /* [CP] Embed Pods Frameworks */,
				E4FAE215906B0AD810091E57 /* [CP] Copy Pods Resources */,
			);
			buildRules = (
			);
			dependencies = (
			);
			name = "MyMaps-iOS";
			productName = "MyMaps-iOS";
			productReference = 848DED0E1EC080F800668E0F /* MyMaps-iOS.app */;
			productType = "com.apple.product-type.application";
		};
/* End PBXNativeTarget section */

/* Begin PBXProject section */
		848DED061EC080F800668E0F /* Project object */ = {
			isa = PBXProject;
			attributes = {
				LastSwiftUpdateCheck = 0830;
				LastUpgradeCheck = 0830;
				ORGANIZATIONNAME = fborodin;
				TargetAttributes = {
					848DED0D1EC080F800668E0F = {
						CreatedOnToolsVersion = 8.3.2;
						DevelopmentTeam = 6DX7KW5KT7;
						ProvisioningStyle = Automatic;
					};
				};
			};
			buildConfigurationList = 848DED091EC080F800668E0F /* Build configuration list for PBXProject "MyMaps-iOS" */;
			compatibilityVersion = "Xcode 3.2";
			developmentRegion = English;
			hasScannedForEncodings = 0;
			knownRegions = (
				en,
				Base,
			);
			mainGroup = 848DED051EC080F800668E0F;
			productRefGroup = 848DED0F1EC080F800668E0F /* Products */;
			projectDirPath = "";
			projectRoot = "";
			targets = (
				848DED0D1EC080F800668E0F /* MyMaps-iOS */,
			);
		};
/* End PBXProject section */

/* Begin PBXResourcesBuildPhase section */
		848DED0C1EC080F800668E0F /* Resources */ = {
			isa = PBXResourcesBuildPhase;
			buildActionMask = 2147483647;
			files = (
				848DED1C1EC080F800668E0F /* LaunchScreen.storyboard in Resources */,
				848DED191EC080F800668E0F /* Assets.xcassets in Resources */,
				848ED0B31ECCE15D006F16FE /* NewStoryboard.storyboard in Resources */,
				848DED171EC080F800668E0F /* Main.storyboard in Resources */,
			);
			runOnlyForDeploymentPostprocessing = 0;
		};
/* End PBXResourcesBuildPhase section */

/* Begin PBXShellScriptBuildPhase section */
		03F49E1E553F44BE6745C538 /* [CP] Check Pods Manifest.lock */ = {
			isa = PBXShellScriptBuildPhase;
			buildActionMask = 2147483647;
			files = (
			);
			inputPaths = (
			);
			name = "[CP] Check Pods Manifest.lock";
			outputPaths = (
			);
			runOnlyForDeploymentPostprocessing = 0;
			shellPath = /bin/sh;
			shellScript = "diff \"${PODS_PODFILE_DIR_PATH}/Podfile.lock\" \"${PODS_ROOT}/Manifest.lock\" > /dev/null\nif [ $? != 0 ] ; then\n    # print error to STDERR\n    echo \"error: The sandbox is not in sync with the Podfile.lock. Run 'pod install' or update your CocoaPods installation.\" >&2\n    exit 1\nfi\n";
			showEnvVarsInLog = 0;
		};
		18DAC0558CD7986ACC56A1CD /* [CP] Embed Pods Frameworks */ = {
			isa = PBXShellScriptBuildPhase;
			buildActionMask = 2147483647;
			files = (
			);
			inputPaths = (
			);
			name = "[CP] Embed Pods Frameworks";
			outputPaths = (
			);
			runOnlyForDeploymentPostprocessing = 0;
			shellPath = /bin/sh;
			shellScript = "\"${SRCROOT}/Pods/Target Support Files/Pods-MyMaps-iOS/Pods-MyMaps-iOS-frameworks.sh\"\n";
			showEnvVarsInLog = 0;
		};
		E4FAE215906B0AD810091E57 /* [CP] Copy Pods Resources */ = {
			isa = PBXShellScriptBuildPhase;
			buildActionMask = 2147483647;
			files = (
			);
			inputPaths = (
			);
			name = "[CP] Copy Pods Resources";
			outputPaths = (
			);
			runOnlyForDeploymentPostprocessing = 0;
			shellPath = /bin/sh;
			shellScript = "\"${SRCROOT}/Pods/Target Support Files/Pods-MyMaps-iOS/Pods-MyMaps-iOS-resources.sh\"\n";
			showEnvVarsInLog = 0;
		};
/* End PBXShellScriptBuildPhase section */

/* Begin PBXSourcesBuildPhase section */
		848DED0A1EC080F800668E0F /* Sources */ = {
			isa = PBXSourcesBuildPhase;
			buildActionMask = 2147483647;
			files = (
				84E245B91EDB15F500CE804E /* CollectionViewCell.swift in Sources */,
				84E245921ED6F5AF00CE804E /* StreetViewTasks.swift in Sources */,
				84D8868A1EC9E38700C15954 /* MapTasks.swift in Sources */,
				848DED141EC080F800668E0F /* ViewController.swift in Sources */,
				84D8868C1EC9ECC000C15954 /* RouteViewController.swift in Sources */,
				848DED121EC080F800668E0F /* AppDelegate.swift in Sources */,
				84E245901ED6F48E00CE804E /* DirectionsTasks.swift in Sources */,
				848ED0B51ED31080006F16FE /* MainViewController.swift in Sources */,
				84E245B71EDB0A4900CE804E /* CenterCellCollectionViewFlowLayout.swift in Sources */,
				848ED0B91ED3AF48006F16FE /* GeocodingTasks.swift in Sources */,
				84162F821EE52827001C26F6 /* CollectionViewDelegate.swift in Sources */,
				84162F861EE52916001C26F6 /* GooglePlacesAutocompleteDelegate.swift in Sources */,
				84162F841EE528A0001C26F6 /* LocationManagerDelegate.swift in Sources */,
			);
			runOnlyForDeploymentPostprocessing = 0;
		};
/* End PBXSourcesBuildPhase section */

/* Begin PBXVariantGroup section */
		848DED151EC080F800668E0F /* Main.storyboard */ = {
			isa = PBXVariantGroup;
			children = (
				848DED161EC080F800668E0F /* Base */,
			);
			name = Main.storyboard;
			sourceTree = "<group>";
		};
		848DED1A1EC080F800668E0F /* LaunchScreen.storyboard */ = {
			isa = PBXVariantGroup;
			children = (
				848DED1B1EC080F800668E0F /* Base */,
			);
			name = LaunchScreen.storyboard;
			sourceTree = "<group>";
		};
		848ED0B11ECCE15D006F16FE /* NewStoryboard.storyboard */ = {
			isa = PBXVariantGroup;
			children = (
				848ED0B21ECCE15D006F16FE /* Base */,
			);
			name = NewStoryboard.storyboard;
			sourceTree = "<group>";
		};
/* End PBXVariantGroup section */

/* Begin XCBuildConfiguration section */
		848DED1E1EC080F800668E0F /* Debug */ = {
			isa = XCBuildConfiguration;
			buildSettings = {
				ALWAYS_SEARCH_USER_PATHS = NO;
				CLANG_ANALYZER_NONNULL = YES;
				CLANG_ANALYZER_NUMBER_OBJECT_CONVERSION = YES_AGGRESSIVE;
				CLANG_CXX_LANGUAGE_STANDARD = "gnu++0x";
				CLANG_CXX_LIBRARY = "libc++";
				CLANG_ENABLE_MODULES = YES;
				CLANG_ENABLE_OBJC_ARC = YES;
				CLANG_WARN_BOOL_CONVERSION = YES;
				CLANG_WARN_CONSTANT_CONVERSION = YES;
				CLANG_WARN_DIRECT_OBJC_ISA_USAGE = YES_ERROR;
				CLANG_WARN_DOCUMENTATION_COMMENTS = YES;
				CLANG_WARN_EMPTY_BODY = YES;
				CLANG_WARN_ENUM_CONVERSION = YES;
				CLANG_WARN_INFINITE_RECURSION = YES;
				CLANG_WARN_INT_CONVERSION = YES;
				CLANG_WARN_OBJC_ROOT_CLASS = YES_ERROR;
				CLANG_WARN_SUSPICIOUS_MOVE = YES;
				CLANG_WARN_UNREACHABLE_CODE = YES;
				CLANG_WARN__DUPLICATE_METHOD_MATCH = YES;
				"CODE_SIGN_IDENTITY[sdk=iphoneos*]" = "iPhone Developer";
				COPY_PHASE_STRIP = NO;
				DEBUG_INFORMATION_FORMAT = dwarf;
				ENABLE_STRICT_OBJC_MSGSEND = YES;
				ENABLE_TESTABILITY = YES;
				GCC_C_LANGUAGE_STANDARD = gnu99;
				GCC_DYNAMIC_NO_PIC = NO;
				GCC_NO_COMMON_BLOCKS = YES;
				GCC_OPTIMIZATION_LEVEL = 0;
				GCC_PREPROCESSOR_DEFINITIONS = (
					"DEBUG=1",
					"$(inherited)",
				);
				GCC_WARN_64_TO_32_BIT_CONVERSION = YES;
				GCC_WARN_ABOUT_RETURN_TYPE = YES_ERROR;
				GCC_WARN_UNDECLARED_SELECTOR = YES;
				GCC_WARN_UNINITIALIZED_AUTOS = YES_AGGRESSIVE;
				GCC_WARN_UNUSED_FUNCTION = YES;
				GCC_WARN_UNUSED_VARIABLE = YES;
				IPHONEOS_DEPLOYMENT_TARGET = 10.3;
				MTL_ENABLE_DEBUG_INFO = YES;
				ONLY_ACTIVE_ARCH = YES;
				SDKROOT = iphoneos;
				SWIFT_ACTIVE_COMPILATION_CONDITIONS = DEBUG;
				SWIFT_OPTIMIZATION_LEVEL = "-Onone";
			};
			name = Debug;
		};
		848DED1F1EC080F800668E0F /* Release */ = {
			isa = XCBuildConfiguration;
			buildSettings = {
				ALWAYS_SEARCH_USER_PATHS = NO;
				CLANG_ANALYZER_NONNULL = YES;
				CLANG_ANALYZER_NUMBER_OBJECT_CONVERSION = YES_AGGRESSIVE;
				CLANG_CXX_LANGUAGE_STANDARD = "gnu++0x";
				CLANG_CXX_LIBRARY = "libc++";
				CLANG_ENABLE_MODULES = YES;
				CLANG_ENABLE_OBJC_ARC = YES;
				CLANG_WARN_BOOL_CONVERSION = YES;
				CLANG_WARN_CONSTANT_CONVERSION = YES;
				CLANG_WARN_DIRECT_OBJC_ISA_USAGE = YES_ERROR;
				CLANG_WARN_DOCUMENTATION_COMMENTS = YES;
				CLANG_WARN_EMPTY_BODY = YES;
				CLANG_WARN_ENUM_CONVERSION = YES;
				CLANG_WARN_INFINITE_RECURSION = YES;
				CLANG_WARN_INT_CONVERSION = YES;
				CLANG_WARN_OBJC_ROOT_CLASS = YES_ERROR;
				CLANG_WARN_SUSPICIOUS_MOVE = YES;
				CLANG_WARN_UNREACHABLE_CODE = YES;
				CLANG_WARN__DUPLICATE_METHOD_MATCH = YES;
				"CODE_SIGN_IDENTITY[sdk=iphoneos*]" = "iPhone Developer";
				COPY_PHASE_STRIP = NO;
				DEBUG_INFORMATION_FORMAT = "dwarf-with-dsym";
				ENABLE_NS_ASSERTIONS = NO;
				ENABLE_STRICT_OBJC_MSGSEND = YES;
				GCC_C_LANGUAGE_STANDARD = gnu99;
				GCC_NO_COMMON_BLOCKS = YES;
				GCC_WARN_64_TO_32_BIT_CONVERSION = YES;
				GCC_WARN_ABOUT_RETURN_TYPE = YES_ERROR;
				GCC_WARN_UNDECLARED_SELECTOR = YES;
				GCC_WARN_UNINITIALIZED_AUTOS = YES_AGGRESSIVE;
				GCC_WARN_UNUSED_FUNCTION = YES;
				GCC_WARN_UNUSED_VARIABLE = YES;
				IPHONEOS_DEPLOYMENT_TARGET = 10.3;
				MTL_ENABLE_DEBUG_INFO = NO;
				SDKROOT = iphoneos;
				SWIFT_OPTIMIZATION_LEVEL = "-Owholemodule";
				VALIDATE_PRODUCT = YES;
			};
			name = Release;
		};
		848DED211EC080F800668E0F /* Debug */ = {
			isa = XCBuildConfiguration;
			baseConfigurationReference = 434D27C01AFEF2FCC175819E /* Pods-MyMaps-iOS.debug.xcconfig */;
			buildSettings = {
				ASSETCATALOG_COMPILER_APPICON_NAME = AppIcon;
				DEVELOPMENT_TEAM = 6DX7KW5KT7;
				INFOPLIST_FILE = "MyMaps-iOS/Info.plist";
				LD_RUNPATH_SEARCH_PATHS = "$(inherited) @executable_path/Frameworks";
				PRODUCT_BUNDLE_IDENTIFIER = "com.borodin-home.fborodin.MyMaps-iOS";
				PRODUCT_NAME = "$(TARGET_NAME)";
				SWIFT_VERSION = 3.0;
			};
			name = Debug;
		};
		848DED221EC080F800668E0F /* Release */ = {
			isa = XCBuildConfiguration;
			baseConfigurationReference = 31F90DE3FDFBAE93A00F1F36 /* Pods-MyMaps-iOS.release.xcconfig */;
			buildSettings = {
				ASSETCATALOG_COMPILER_APPICON_NAME = AppIcon;
				DEVELOPMENT_TEAM = 6DX7KW5KT7;
				INFOPLIST_FILE = "MyMaps-iOS/Info.plist";
				LD_RUNPATH_SEARCH_PATHS = "$(inherited) @executable_path/Frameworks";
				PRODUCT_BUNDLE_IDENTIFIER = "com.borodin-home.fborodin.MyMaps-iOS";
				PRODUCT_NAME = "$(TARGET_NAME)";
				SWIFT_VERSION = 3.0;
			};
			name = Release;
		};
/* End XCBuildConfiguration section */

/* Begin XCConfigurationList section */
		848DED091EC080F800668E0F /* Build configuration list for PBXProject "MyMaps-iOS" */ = {
			isa = XCConfigurationList;
			buildConfigurations = (
				848DED1E1EC080F800668E0F /* Debug */,
				848DED1F1EC080F800668E0F /* Release */,
			);
			defaultConfigurationIsVisible = 0;
			defaultConfigurationName = Release;
		};
		848DED201EC080F800668E0F /* Build configuration list for PBXNativeTarget "MyMaps-iOS" */ = {
			isa = XCConfigurationList;
			buildConfigurations = (
				848DED211EC080F800668E0F /* Debug */,
				848DED221EC080F800668E0F /* Release */,
			);
			defaultConfigurationIsVisible = 0;
			defaultConfigurationName = Release;
		};
/* End XCConfigurationList section */
	};
	rootObject = 848DED061EC080F800668E0F /* Project object */;
}
